
Microsoft Visual Studio Solution File, Format Version 12.00
# Visual Studio Version 17
VisualStudioVersion = 17.5.002.0
MinimumVisualStudioVersion = 10.0.40219.1
Project("{9A19103F-16F7-4668-BE54-9A1E7A4F7556}") = "ProjectName", "ProjectName\ProjectName.csproj", "{CAD8B0D0-7097-4B8C-B2C3-4DBDBDAB69AE}"
EndProject
Project("{9A19103F-16F7-4668-BE54-9A1E7A4F7556}") = "ProjectName.Tests", "ProjectName.Tests\ProjectName.Tests.csproj", "{86F78EBD-EFF9-4D6C-892E-84D06ED2C8AD}"
EndProject
Global
	GlobalSection(SolutionConfigurationPlatforms) = preSolution
		Debug|Any CPU = Debug|Any CPU
		Release|Any CPU = Release|Any CPU
	EndGlobalSection
	GlobalSection(ProjectConfigurationPlatforms) = postSolution
		{CAD8B0D0-7097-4B8C-B2C3-4DBDBDAB69AE}.Debug|Any CPU.ActiveCfg = Debug|Any CPU
		{CAD8B0D0-7097-4B8C-B2C3-4DBDBDAB69AE}.Debug|Any CPU.Build.0 = Debug|Any CPU
		{CAD8B0D0-7097-4B8C-B2C3-4DBDBDAB69AE}.Release|Any CPU.ActiveCfg = Release|Any CPU
		{CAD8B0D0-7097-4B8C-B2C3-4DBDBDAB69AE}.Release|Any CPU.Build.0 = Release|Any CPU
		{86F78EBD-EFF9-4D6C-892E-84D06ED2C8AD}.Debug|Any CPU.ActiveCfg = Debug|Any CPU
		{86F78EBD-EFF9-4D6C-892E-84D06ED2C8AD}.Debug|Any CPU.Build.0 = Debug|Any CPU
		{86F78EBD-EFF9-4D6C-892E-84D06ED2C8AD}.Release|Any CPU.ActiveCfg = Release|Any CPU
		{86F78EBD-EFF9-4D6C-892E-84D06ED2C8AD}.Release|Any CPU.Build.0 = Release|Any CPU
	EndGlobalSection
	GlobalSection(SolutionProperties) = preSolution
		HideSolutionNode = FALSE
	EndGlobalSection
	GlobalSection(ExtensibilityGlobals) = postSolution
		SolutionGuid = {8B0137ED-8548-4CBE-8153-ED96A876B287}
	EndGlobalSection
EndGlobal
